# THIS IS AN AUTOGENERATED FILE. DO NOT EDIT THIS FILE DIRECTLY.
# yarn lockfile v1


"@mycomp/textbox@0.1.0-alpha.0":
  version "0.1.0-alpha.0"
  resolved "http://146.148.79.21:8081/repository/turquoise-components/@mycomp/textbox/-/textbox-0.1.0-alpha.0.tgz#fd51d3d5c14c63ebb53748900f6ca4291558ef80"
  integrity sha512-T1JYvI8WJJCXbNo+wiKeRCHs1zTziopK1YOE+88NkVdNO207vBr2exYHcKoV7QPeGgKEvH8TL6VCdxZt8v/FoA==
